
Microsoft Visual Studio Solution File, Format Version 12.00
# Visual Studio Version 17
VisualStudioVersion = 17.12.35527.113 d17.12
MinimumVisualStudioVersion = 10.0.40219.1
Project("{2150E333-8FDC-42A3-9474-1A3956D46DE8}") = "01WebApi", "01WebApi", "{73CE4633-1199-4326-81AD-B486B7CB9099}"
EndProject
Project("{FAE04EC0-301F-11D3-BF4B-00C04F79EFBC}") = "WebApi", "WebApi\WebApi.csproj", "{FCA3A89B-C482-46F0-9BF0-77E6D79C6211}"
EndProject
Project("{2150E333-8FDC-42A3-9474-1A3956D46DE8}") = "02Logica", "02Logica", "{478771B8-B243-4113-9E30-302E77DACBD2}"
EndProject
Project("{2150E333-8FDC-42A3-9474-1A3956D46DE8}") = "03Data", "03Data", "{87B07EA6-67F2-4476-A261-37D4A8E32680}"
EndProject
Project("{2150E333-8FDC-42A3-9474-1A3956D46DE8}") = "04Common", "04Common", "{0CBB73D8-7E81-4599-8086-120FD57365DB}"
EndProject
Project("{2150E333-8FDC-42A3-9474-1A3956D46DE8}") = "05Services", "05Services", "{CA229D0C-0016-4FA3-B936-FFE9425ABAA1}"
EndProject
Project("{FAE04EC0-301F-11D3-BF4B-00C04F79EFBC}") = "Businnes", "Businnes\Businnes.csproj", "{8EEC186E-2D2F-42C8-987A-0637F2810CC8}"
EndProject
Project("{FAE04EC0-301F-11D3-BF4B-00C04F79EFBC}") = "Data", "Data\Data.csproj", "{391A0526-B205-4A5A-8FDB-902873D75F20}"
EndProject
Project("{FAE04EC0-301F-11D3-BF4B-00C04F79EFBC}") = "Common", "Common\Common.csproj", "{67CC5BE9-7081-4596-B489-53A23BE9C800}"
EndProject
Project("{FAE04EC0-301F-11D3-BF4B-00C04F79EFBC}") = "Services", "Services\Services.csproj", "{47558125-4986-4390-A335-19EC080203BE}"
EndProject
Global
	GlobalSection(SolutionConfigurationPlatforms) = preSolution
		Debug|Any CPU = Debug|Any CPU
		Release|Any CPU = Release|Any CPU
	EndGlobalSection
	GlobalSection(ProjectConfigurationPlatforms) = postSolution
		{FCA3A89B-C482-46F0-9BF0-77E6D79C6211}.Debug|Any CPU.ActiveCfg = Debug|Any CPU
		{FCA3A89B-C482-46F0-9BF0-77E6D79C6211}.Debug|Any CPU.Build.0 = Debug|Any CPU
		{FCA3A89B-C482-46F0-9BF0-77E6D79C6211}.Release|Any CPU.ActiveCfg = Release|Any CPU
		{FCA3A89B-C482-46F0-9BF0-77E6D79C6211}.Release|Any CPU.Build.0 = Release|Any CPU
		{8EEC186E-2D2F-42C8-987A-0637F2810CC8}.Debug|Any CPU.ActiveCfg = Debug|Any CPU
		{8EEC186E-2D2F-42C8-987A-0637F2810CC8}.Debug|Any CPU.Build.0 = Debug|Any CPU
		{8EEC186E-2D2F-42C8-987A-0637F2810CC8}.Release|Any CPU.ActiveCfg = Release|Any CPU
		{8EEC186E-2D2F-42C8-987A-0637F2810CC8}.Release|Any CPU.Build.0 = Release|Any CPU
		{391A0526-B205-4A5A-8FDB-902873D75F20}.Debug|Any CPU.ActiveCfg = Debug|Any CPU
		{391A0526-B205-4A5A-8FDB-902873D75F20}.Debug|Any CPU.Build.0 = Debug|Any CPU
		{391A0526-B205-4A5A-8FDB-902873D75F20}.Release|Any CPU.ActiveCfg = Release|Any CPU
		{391A0526-B205-4A5A-8FDB-902873D75F20}.Release|Any CPU.Build.0 = Release|Any CPU
		{67CC5BE9-7081-4596-B489-53A23BE9C800}.Debug|Any CPU.ActiveCfg = Debug|Any CPU
		{67CC5BE9-7081-4596-B489-53A23BE9C800}.Debug|Any CPU.Build.0 = Debug|Any CPU
		{67CC5BE9-7081-4596-B489-53A23BE9C800}.Release|Any CPU.ActiveCfg = Release|Any CPU
		{67CC5BE9-7081-4596-B489-53A23BE9C800}.Release|Any CPU.Build.0 = Release|Any CPU
		{47558125-4986-4390-A335-19EC080203BE}.Debug|Any CPU.ActiveCfg = Debug|Any CPU
		{47558125-4986-4390-A335-19EC080203BE}.Debug|Any CPU.Build.0 = Debug|Any CPU
		{47558125-4986-4390-A335-19EC080203BE}.Release|Any CPU.ActiveCfg = Release|Any CPU
		{47558125-4986-4390-A335-19EC080203BE}.Release|Any CPU.Build.0 = Release|Any CPU
	EndGlobalSection
	GlobalSection(SolutionProperties) = preSolution
		HideSolutionNode = FALSE
	EndGlobalSection
	GlobalSection(NestedProjects) = preSolution
		{FCA3A89B-C482-46F0-9BF0-77E6D79C6211} = {73CE4633-1199-4326-81AD-B486B7CB9099}
		{8EEC186E-2D2F-42C8-987A-0637F2810CC8} = {478771B8-B243-4113-9E30-302E77DACBD2}
		{391A0526-B205-4A5A-8FDB-902873D75F20} = {87B07EA6-67F2-4476-A261-37D4A8E32680}
		{67CC5BE9-7081-4596-B489-53A23BE9C800} = {0CBB73D8-7E81-4599-8086-120FD57365DB}
		{47558125-4986-4390-A335-19EC080203BE} = {CA229D0C-0016-4FA3-B936-FFE9425ABAA1}
	EndGlobalSection
EndGlobal
